PODS:
  - blev (0.0.2):
    - Flutter
  - Flutter (1.0.0)

DEPENDENCIES:
  - blev (from `.symlinks/plugins/blev/ios`)
  - Flutter (from `Flutter`)

EXTERNAL SOURCES:
  blev:
    :path: ".symlinks/plugins/blev/ios"
  Flutter:
    :path: Flutter

SPEC CHECKSUMS:
  blev: 4b2448771fe908d5f5f013571dac92f51e5c1fcc
  Flutter: e0871f40cf51350855a761d2e70bf5af5b9b5de7

PODFILE CHECKSUM: 819463e6a0290f5a72f145ba7cde16e8b6ef0796

COCOAPODS: 1.16.2
