PODS:
  - blev (0.0.2):
    - Flutter
  - bonsoir_darwin (0.0.1):
    - Flutter
    - FlutterMacOS
  - Flutter (1.0.0)
  - flutter_webrtc (0.12.6):
    - Flutter
    - WebRTC-SDK (= 125.6422.06)
  - path_provider_foundation (0.0.1):
    - Flutter
    - FlutterMacOS
  - permission_handler_apple (9.3.0):
    - Flutter
  - WebRTC-SDK (125.6422.06)

DEPENDENCIES:
  - blev (from `.symlinks/plugins/blev/ios`)
  - bonsoir_darwin (from `.symlinks/plugins/bonsoir_darwin/darwin`)
  - Flutter (from `Flutter`)
  - flutter_webrtc (from `.symlinks/plugins/flutter_webrtc/ios`)
  - path_provider_foundation (from `.symlinks/plugins/path_provider_foundation/darwin`)
  - permission_handler_apple (from `.symlinks/plugins/permission_handler_apple/ios`)

SPEC REPOS:
  trunk:
    - WebRTC-SDK

EXTERNAL SOURCES:
  blev:
    :path: ".symlinks/plugins/blev/ios"
  bonsoir_darwin:
    :path: ".symlinks/plugins/bonsoir_darwin/darwin"
  Flutter:
    :path: Flutter
  flutter_webrtc:
    :path: ".symlinks/plugins/flutter_webrtc/ios"
  path_provider_foundation:
    :path: ".symlinks/plugins/path_provider_foundation/darwin"
  permission_handler_apple:
    :path: ".symlinks/plugins/permission_handler_apple/ios"

SPEC CHECKSUMS:
  blev: 4b2448771fe908d5f5f013571dac92f51e5c1fcc
  bonsoir_darwin: e3b8526c42ca46a885142df84229131dfabea842
  Flutter: e0871f40cf51350855a761d2e70bf5af5b9b5de7
  flutter_webrtc: 90260f83024b1b96d239a575ea4e3708e79344d1
  path_provider_foundation: 2b6b4c569c0fb62ec74538f866245ac84301af46
  permission_handler_apple: 9878588469a2b0d0fc1e048d9f43605f92e6cec2
  WebRTC-SDK: 79942c006ea64f6fb48d7da8a4786dfc820bc1db

PODFILE CHECKSUM: 819463e6a0290f5a72f145ba7cde16e8b6ef0796

COCOAPODS: 1.16.2
